
Microsoft Visual Studio Solution File, Format Version 12.00
# Visual Studio Version 17
VisualStudioVersion = 17.2.32630.192
MinimumVisualStudioVersion = 10.0.40219.1
Project("{2150E333-8FDC-42A3-9474-1A3956D46DE8}") = "KP.WebApi.Server", "KP.WebApi.Server", "{33FFD428-736B-4509-8CAD-61AD50BD66AB}"
EndProject
Project("{9A19103F-16F7-4668-BE54-9A1E7A4F7556}") = "KP.Web.Api", "KP.WebApi.Server\KP.Web.Api.csproj", "{423EBBD3-B28C-462E-AFB7-A803D1C476E3}"
EndProject
Project("{9A19103F-16F7-4668-BE54-9A1E7A4F7556}") = "KP.Core", "KP.Core\KP.Core.csproj", "{55A03E79-7024-4FC2-A26B-17451B690CBC}"
EndProject
Project("{9A19103F-16F7-4668-BE54-9A1E7A4F7556}") = "KP.Common.Model", "KP.Common.Model\KP.Common.Model.csproj", "{7B188409-F069-40E1-9E7E-F49AB885626B}"
EndProject
Project("{9A19103F-16F7-4668-BE54-9A1E7A4F7556}") = "KP.Services", "KP.Services\KP.Services.csproj", "{046BE702-DD24-4124-80CD-BD6E97F0363A}"
EndProject
Project("{9A19103F-16F7-4668-BE54-9A1E7A4F7556}") = "KP.Tests", "KP.Tests\KP.Tests.csproj", "{5295D886-C21E-4F4E-B9E8-2BEDB960C39C}"
EndProject
Project("{2150E333-8FDC-42A3-9474-1A3956D46DE8}") = "KP.WPF", "KP.WPF", "{17E2751A-8F1A-4264-8AC3-9F1E89C9B2D0}"
EndProject
Project("{9A19103F-16F7-4668-BE54-9A1E7A4F7556}") = "KP.WPF.App", "KP.WPF.App\KP.WPF.App.csproj", "{FF8ACFB1-BCCE-49AB-88C0-B653C6BF55E6}"
EndProject
Project("{9A19103F-16F7-4668-BE54-9A1E7A4F7556}") = "KP.WPF.Auth", "Auth\KP.WPF.Auth.csproj", "{EE9F4D4E-DB71-4C16-8BBA-C3A50C56F9C7}"
EndProject
Project("{9A19103F-16F7-4668-BE54-9A1E7A4F7556}") = "KP.WPF.APIModule", "APIModule\KP.WPF.APIModule.csproj", "{28D2A6B8-C153-45D8-B85D-19BB606D9395}"
EndProject
Project("{9A19103F-16F7-4668-BE54-9A1E7A4F7556}") = "KP.WPF.Core", "KP.WPF.Core\KP.WPF.Core.csproj", "{B9434DA9-3847-4027-B9A5-9C11A7F07991}"
EndProject
Project("{9A19103F-16F7-4668-BE54-9A1E7A4F7556}") = "KP.WPF.HomeModule", "KP.WPF.HomeModule\KP.WPF.HomeModule.csproj", "{B50F8BB4-C3B1-42E2-A23F-B0375F0F9B02}"
EndProject
Project("{9A19103F-16F7-4668-BE54-9A1E7A4F7556}") = "KP.WPF.Products", "KP.WPF.Products\KP.WPF.Products.csproj", "{FD393F53-3D0B-4E34-94DE-7882670865A5}"
EndProject
Project("{FAE04EC0-301F-11D3-BF4B-00C04F79EFBC}") = "KP.WPF.Users", "KP.WPF.Users\KP.WPF.Users.csproj", "{1CAEC302-EFF8-41FA-9BF7-8B35650A6817}"
EndProject
Global
	GlobalSection(SolutionConfigurationPlatforms) = preSolution
		Debug|Any CPU = Debug|Any CPU
		Release|Any CPU = Release|Any CPU
	EndGlobalSection
	GlobalSection(ProjectConfigurationPlatforms) = postSolution
		{423EBBD3-B28C-462E-AFB7-A803D1C476E3}.Debug|Any CPU.ActiveCfg = Debug|Any CPU
		{423EBBD3-B28C-462E-AFB7-A803D1C476E3}.Debug|Any CPU.Build.0 = Debug|Any CPU
		{423EBBD3-B28C-462E-AFB7-A803D1C476E3}.Release|Any CPU.ActiveCfg = Release|Any CPU
		{423EBBD3-B28C-462E-AFB7-A803D1C476E3}.Release|Any CPU.Build.0 = Release|Any CPU
		{55A03E79-7024-4FC2-A26B-17451B690CBC}.Debug|Any CPU.ActiveCfg = Debug|Any CPU
		{55A03E79-7024-4FC2-A26B-17451B690CBC}.Debug|Any CPU.Build.0 = Debug|Any CPU
		{55A03E79-7024-4FC2-A26B-17451B690CBC}.Release|Any CPU.ActiveCfg = Release|Any CPU
		{55A03E79-7024-4FC2-A26B-17451B690CBC}.Release|Any CPU.Build.0 = Release|Any CPU
		{7B188409-F069-40E1-9E7E-F49AB885626B}.Debug|Any CPU.ActiveCfg = Debug|Any CPU
		{7B188409-F069-40E1-9E7E-F49AB885626B}.Debug|Any CPU.Build.0 = Debug|Any CPU
		{7B188409-F069-40E1-9E7E-F49AB885626B}.Release|Any CPU.ActiveCfg = Release|Any CPU
		{7B188409-F069-40E1-9E7E-F49AB885626B}.Release|Any CPU.Build.0 = Release|Any CPU
		{046BE702-DD24-4124-80CD-BD6E97F0363A}.Debug|Any CPU.ActiveCfg = Debug|Any CPU
		{046BE702-DD24-4124-80CD-BD6E97F0363A}.Debug|Any CPU.Build.0 = Debug|Any CPU
		{046BE702-DD24-4124-80CD-BD6E97F0363A}.Release|Any CPU.ActiveCfg = Release|Any CPU
		{046BE702-DD24-4124-80CD-BD6E97F0363A}.Release|Any CPU.Build.0 = Release|Any CPU
		{5295D886-C21E-4F4E-B9E8-2BEDB960C39C}.Debug|Any CPU.ActiveCfg = Debug|Any CPU
		{5295D886-C21E-4F4E-B9E8-2BEDB960C39C}.Debug|Any CPU.Build.0 = Debug|Any CPU
		{5295D886-C21E-4F4E-B9E8-2BEDB960C39C}.Release|Any CPU.ActiveCfg = Release|Any CPU
		{5295D886-C21E-4F4E-B9E8-2BEDB960C39C}.Release|Any CPU.Build.0 = Release|Any CPU
		{FF8ACFB1-BCCE-49AB-88C0-B653C6BF55E6}.Debug|Any CPU.ActiveCfg = Debug|Any CPU
		{FF8ACFB1-BCCE-49AB-88C0-B653C6BF55E6}.Debug|Any CPU.Build.0 = Debug|Any CPU
		{FF8ACFB1-BCCE-49AB-88C0-B653C6BF55E6}.Release|Any CPU.ActiveCfg = Release|Any CPU
		{FF8ACFB1-BCCE-49AB-88C0-B653C6BF55E6}.Release|Any CPU.Build.0 = Release|Any CPU
		{EE9F4D4E-DB71-4C16-8BBA-C3A50C56F9C7}.Debug|Any CPU.ActiveCfg = Debug|Any CPU
		{EE9F4D4E-DB71-4C16-8BBA-C3A50C56F9C7}.Debug|Any CPU.Build.0 = Debug|Any CPU
		{EE9F4D4E-DB71-4C16-8BBA-C3A50C56F9C7}.Release|Any CPU.ActiveCfg = Release|Any CPU
		{EE9F4D4E-DB71-4C16-8BBA-C3A50C56F9C7}.Release|Any CPU.Build.0 = Release|Any CPU
		{28D2A6B8-C153-45D8-B85D-19BB606D9395}.Debug|Any CPU.ActiveCfg = Debug|Any CPU
		{28D2A6B8-C153-45D8-B85D-19BB606D9395}.Debug|Any CPU.Build.0 = Debug|Any CPU
		{28D2A6B8-C153-45D8-B85D-19BB606D9395}.Release|Any CPU.ActiveCfg = Release|Any CPU
		{28D2A6B8-C153-45D8-B85D-19BB606D9395}.Release|Any CPU.Build.0 = Release|Any CPU
		{B9434DA9-3847-4027-B9A5-9C11A7F07991}.Debug|Any CPU.ActiveCfg = Debug|Any CPU
		{B9434DA9-3847-4027-B9A5-9C11A7F07991}.Debug|Any CPU.Build.0 = Debug|Any CPU
		{B9434DA9-3847-4027-B9A5-9C11A7F07991}.Release|Any CPU.ActiveCfg = Release|Any CPU
		{B9434DA9-3847-4027-B9A5-9C11A7F07991}.Release|Any CPU.Build.0 = Release|Any CPU
		{B50F8BB4-C3B1-42E2-A23F-B0375F0F9B02}.Debug|Any CPU.ActiveCfg = Debug|Any CPU
		{B50F8BB4-C3B1-42E2-A23F-B0375F0F9B02}.Debug|Any CPU.Build.0 = Debug|Any CPU
		{B50F8BB4-C3B1-42E2-A23F-B0375F0F9B02}.Release|Any CPU.ActiveCfg = Release|Any CPU
		{B50F8BB4-C3B1-42E2-A23F-B0375F0F9B02}.Release|Any CPU.Build.0 = Release|Any CPU
		{FD393F53-3D0B-4E34-94DE-7882670865A5}.Debug|Any CPU.ActiveCfg = Debug|Any CPU
		{FD393F53-3D0B-4E34-94DE-7882670865A5}.Debug|Any CPU.Build.0 = Debug|Any CPU
		{FD393F53-3D0B-4E34-94DE-7882670865A5}.Release|Any CPU.ActiveCfg = Release|Any CPU
		{FD393F53-3D0B-4E34-94DE-7882670865A5}.Release|Any CPU.Build.0 = Release|Any CPU
		{1CAEC302-EFF8-41FA-9BF7-8B35650A6817}.Debug|Any CPU.ActiveCfg = Debug|Any CPU
		{1CAEC302-EFF8-41FA-9BF7-8B35650A6817}.Debug|Any CPU.Build.0 = Debug|Any CPU
		{1CAEC302-EFF8-41FA-9BF7-8B35650A6817}.Release|Any CPU.ActiveCfg = Release|Any CPU
		{1CAEC302-EFF8-41FA-9BF7-8B35650A6817}.Release|Any CPU.Build.0 = Release|Any CPU
	EndGlobalSection
	GlobalSection(SolutionProperties) = preSolution
		HideSolutionNode = FALSE
	EndGlobalSection
	GlobalSection(NestedProjects) = preSolution
		{423EBBD3-B28C-462E-AFB7-A803D1C476E3} = {33FFD428-736B-4509-8CAD-61AD50BD66AB}
		{55A03E79-7024-4FC2-A26B-17451B690CBC} = {33FFD428-736B-4509-8CAD-61AD50BD66AB}
		{7B188409-F069-40E1-9E7E-F49AB885626B} = {33FFD428-736B-4509-8CAD-61AD50BD66AB}
		{046BE702-DD24-4124-80CD-BD6E97F0363A} = {33FFD428-736B-4509-8CAD-61AD50BD66AB}
		{5295D886-C21E-4F4E-B9E8-2BEDB960C39C} = {33FFD428-736B-4509-8CAD-61AD50BD66AB}
		{FF8ACFB1-BCCE-49AB-88C0-B653C6BF55E6} = {17E2751A-8F1A-4264-8AC3-9F1E89C9B2D0}
		{EE9F4D4E-DB71-4C16-8BBA-C3A50C56F9C7} = {17E2751A-8F1A-4264-8AC3-9F1E89C9B2D0}
		{28D2A6B8-C153-45D8-B85D-19BB606D9395} = {17E2751A-8F1A-4264-8AC3-9F1E89C9B2D0}
		{B9434DA9-3847-4027-B9A5-9C11A7F07991} = {17E2751A-8F1A-4264-8AC3-9F1E89C9B2D0}
		{B50F8BB4-C3B1-42E2-A23F-B0375F0F9B02} = {17E2751A-8F1A-4264-8AC3-9F1E89C9B2D0}
		{FD393F53-3D0B-4E34-94DE-7882670865A5} = {17E2751A-8F1A-4264-8AC3-9F1E89C9B2D0}
		{1CAEC302-EFF8-41FA-9BF7-8B35650A6817} = {17E2751A-8F1A-4264-8AC3-9F1E89C9B2D0}
	EndGlobalSection
	GlobalSection(ExtensibilityGlobals) = postSolution
		SolutionGuid = {92F35A8E-513B-4C17-9958-9545F7CCD135}
	EndGlobalSection
EndGlobal
